
Microsoft Visual Studio Solution File, Format Version 12.00
# Visual Studio 15
VisualStudioVersion = 15.0.27428.2005
MinimumVisualStudioVersion = 10.0.40219.1
Project("{FAE04EC0-301F-11D3-BF4B-00C04F79EFBC}") = "API", "API\API.csproj", "{7C6D4558-092E-4411-BA09-9C3BEE100782}"
EndProject
Project("{FAE04EC0-301F-11D3-BF4B-00C04F79EFBC}") = "App", "App\App.csproj", "{7BB232BF-F57B-4616-AF6C-AE4F482DC4FB}"
EndProject
Project("{FAE04EC0-301F-11D3-BF4B-00C04F79EFBC}") = "App.Tests", "App.Tests\App.Tests.csproj", "{7E4C5977-DDAA-4660-A65A-05EF7FCD7163}"
EndProject
Global
	GlobalSection(SolutionConfigurationPlatforms) = preSolution
		Debug|Any CPU = Debug|Any CPU
		Release|Any CPU = Release|Any CPU
	EndGlobalSection
	GlobalSection(ProjectConfigurationPlatforms) = postSolution
		{7C6D4558-092E-4411-BA09-9C3BEE100782}.Debug|Any CPU.ActiveCfg = Debug|Any CPU
		{7C6D4558-092E-4411-BA09-9C3BEE100782}.Debug|Any CPU.Build.0 = Debug|Any CPU
		{7C6D4558-092E-4411-BA09-9C3BEE100782}.Release|Any CPU.ActiveCfg = Release|Any CPU
		{7C6D4558-092E-4411-BA09-9C3BEE100782}.Release|Any CPU.Build.0 = Release|Any CPU
		{7BB232BF-F57B-4616-AF6C-AE4F482DC4FB}.Debug|Any CPU.ActiveCfg = Debug|Any CPU
		{7BB232BF-F57B-4616-AF6C-AE4F482DC4FB}.Debug|Any CPU.Build.0 = Debug|Any CPU
		{7BB232BF-F57B-4616-AF6C-AE4F482DC4FB}.Release|Any CPU.ActiveCfg = Release|Any CPU
		{7BB232BF-F57B-4616-AF6C-AE4F482DC4FB}.Release|Any CPU.Build.0 = Release|Any CPU
		{7E4C5977-DDAA-4660-A65A-05EF7FCD7163}.Debug|Any CPU.ActiveCfg = Debug|Any CPU
		{7E4C5977-DDAA-4660-A65A-05EF7FCD7163}.Debug|Any CPU.Build.0 = Debug|Any CPU
		{7E4C5977-DDAA-4660-A65A-05EF7FCD7163}.Release|Any CPU.ActiveCfg = Release|Any CPU
		{7E4C5977-DDAA-4660-A65A-05EF7FCD7163}.Release|Any CPU.Build.0 = Release|Any CPU
	EndGlobalSection
	GlobalSection(SolutionProperties) = preSolution
		HideSolutionNode = FALSE
	EndGlobalSection
	GlobalSection(ExtensibilityGlobals) = postSolution
		SolutionGuid = {5CDB969C-01EE-4674-953C-3109DE4CAD5D}
	EndGlobalSection
EndGlobal
